{
  "version": 4,
  "terraform_version": "0.13.5",
  "serial": 6,
  "lineage": "ac36ac0b-84d2-e305-cf76-68f1f0eec44b",
  "outputs": {},
  "resources": [
    {
      "module": "module.cluster",
      "mode": "managed",
      "type": "google_container_cluster",
      "name": "cluster",
      "provider": "provider[\"registry.terraform.io/hashicorp/google\"]",
      "instances": [
        {
          "schema_version": 1,
          "attributes": {
            "additional_zones": [
              "us-central1-a",
              "us-central1-b",
              "us-central1-f"
            ],
            "addons_config": [
              {
                "horizontal_pod_autoscaling": [],
                "http_load_balancing": [],
                "kubernetes_dashboard": [
                  {
                    "disabled": true
                  }
                ],
                "network_policy_config": [
                  {
                    "disabled": false
                  }
                ]
              }
            ],
            "cluster_autoscaling": [],
            "cluster_ipv4_cidr": "10.41.0.0/16",
            "description": "",
            "enable_binary_authorization": false,
            "enable_kubernetes_alpha": false,
            "enable_legacy_abac": false,
            "enable_tpu": false,
            "endpoint": "35.192.126.134",
            "id": "gke-example",
            "initial_node_count": 1,
            "instance_group_urls": [],
            "ip_allocation_policy": [
              {
                "cluster_ipv4_cidr_block": "10.41.0.0/16",
                "cluster_secondary_range_name": "gke-pods-1",
                "create_subnetwork": false,
                "node_ipv4_cidr_block": "",
                "services_ipv4_cidr_block": "10.42.0.0/16",
                "services_secondary_range_name": "gke-services-1",
                "subnetwork_name": "",
                "use_ip_aliases": true
              }
            ],
            "location": "us-central1",
            "logging_service": "logging.googleapis.com/kubernetes",
            "maintenance_policy": [
              {
                "daily_maintenance_window": [
                  {
                    "duration": "PT4H0M0S",
                    "start_time": "06:00"
                  }
                ]
              }
            ],
            "master_auth": [
              {
                "client_certificate": "",
                "client_certificate_config": [
                  {
                    "issue_client_certificate": false
                  }
                ],
                "client_key": "",
                "cluster_ca_certificate": "LS0tLS1CRUdJTiBDRVJUSUZJQ0FURS0tLS0tCk1JSURLakNDQWhLZ0F3SUJBZ0lRWERXcXFlODNIZkNDNStSbzBwVlZhVEFOQmdrcWhraUc5dzBCQVFzRkFEQXYKTVMwd0t3WURWUVFERXlRNFlUUmxaakEyWmkxbE56QTRMVFEyWldFdFlXWm1ZaTB3TWpjek9EbGxaakUwWWpFdwpIaGNOTWpBeE1qQTJNVGt5TlRJM1doY05NalV4TWpBMU1qQXlOVEkzV2pBdk1TMHdLd1lEVlFRREV5UTRZVFJsClpqQTJaaTFsTnpBNExUUTJaV0V0WVdabVlpMHdNamN6T0RsbFpqRTBZakV3Z2dFaU1BMEdDU3FHU0liM0RRRUIKQVFVQUE0SUJEd0F3Z2dFS0FvSUJBUURDTXNUZ3lwTFlCaXd3TEVvME41UlVRdmZZY2tKUHQwQ0crWWcyQ25kRwo0UHlpK3l4djRhcVBFZHlUSy8ycE1VVktmbjBxM2JpRjlGZTNEZEhLdWZFWWZlaDNMMzBYWGxQTk5oUHkxczMxClJCWk5TVGJGZVFCVHVDRGdneDB6c2pOcGVSNk83V1RGdVU0SWcrWnJOa2ptRFNpMU5Hdi8zWXJyRFJRWFpmT1cKTXJSdUVnNUZlemJQSTJSTVk5OC9SMVJwUXFaaHg5V2g1Q0JjUkhrUytQclpURUQrSGwrUlZBL1BPRjdiVHAvegp2TFM2b2YxQWMzOGZoK2pBR3Y4WlcrNkFzbjY2YkZVOHJyb3FuajFac3ZRdlkxbUxhNE11d2tuMjE5K0twTW0wCmFNQVhUdVhWTEhMRVZFLzNYVnduODJLNEdIVVVoTTBESHpIQUsyS2dvU3NuQWdNQkFBR2pRakJBTUE0R0ExVWQKRHdFQi93UUVBd0lDQkRBUEJnTlZIUk1CQWY4RUJUQURBUUgvTUIwR0ExVWREZ1FXQkJTdFNMNUR6dFlaN0NzVApqS0huMHVSTEFFVXFUakFOQmdrcWhraUc5dzBCQVFzRkFBT0NBUUVBSUQ3cHBubW9tMXpqRFhkU2tpdWJMSWlNCjI3ek9HbjY3Y3pTR1czNlUyT1c2VW1LMERyK3diYzNvSXo5clJwbDhZQjc2OHZpWTdoNkQyRWM1dFBldCtaYjcKS1RjZm9NalNwUm9uazVWdjNVemdhUDY1V2ZPUGtkMHVuTnBRQVFBRWxyQ1pUN0FPeFlpMDEvV2pYNkFiZmFEcQpFR3ZFdXlYU01VOXBFWGV2NUhsYlNxU0ZSN0ZmTmJHKy81YkVEeVBYNEhFTXU1Ui9qMXpTcHg1RFRDa0IweENlCjJBKzNCTGJNYnlnMnM5eGZlT3BEbS9QT2lFRUZHNUVZcjVIeW5Nd3Z6Qzdka2hIYnZQMlNQZHduTHY0Y2svMk4KR3F6ek1ubUxnOUh3Y0VUT1VGVzIzZTRoanJESm9nVnZQZ0FEWHRTb3k5SW1ydTJqUXFpNVR5RjZZNExacGc9PQotLS0tLUVORCBDRVJUSUZJQ0FURS0tLS0tCg==",
                "password": "",
                "username": ""
              }
            ],
            "master_authorized_networks_config": [
              {
                "cidr_blocks": [
                  {
                    "cidr_block": "0.0.0.0/0",
                    "display_name": "everywhere"
                  }
                ]
              }
            ],
            "master_version": "1.16.15-gke.4300",
            "min_master_version": "1.16.15-gke.4300",
            "monitoring_service": "monitoring.googleapis.com/kubernetes",
            "name": "gke-example",
            "network": "projects/atlantean-stock-297823/global/networks/kube",
            "network_policy": [
              {
                "enabled": true,
                "provider": ""
              }
            ],
            "node_config": [],
            "node_locations": [
              "us-central1-a",
              "us-central1-b",
              "us-central1-f"
            ],
            "node_pool": [],
            "node_version": "1.16.15-gke.4300",
            "pod_security_policy_config": [],
            "private_cluster_config": [],
            "project": "atlantean-stock-297823",
            "region": "us-central1",
            "remove_default_node_pool": true,
            "resource_labels": {
              "kubernetescluster": "gke-example"
            },
            "subnetwork": "projects/atlantean-stock-297823/regions/us-central1/subnetworks/kube-subnet",
            "timeouts": null,
            "zone": null
          },
          "private": "eyJlMmJmYjczMC1lY2FhLTExZTYtOGY4OC0zNDM2M2JjN2M0YzAiOnsiY3JlYXRlIjoxODAwMDAwMDAwMDAwLCJkZWxldGUiOjE4MDAwMDAwMDAwMDAsInVwZGF0ZSI6MTgwMDAwMDAwMDAwMH0sInNjaGVtYV92ZXJzaW9uIjoiMSJ9",
          "dependencies": [
            "module.network.google_compute_subnetwork.subnetwork"
          ],
          "create_before_destroy": true
        }
      ]
    },
    {
      "module": "module.network",
      "mode": "managed",
      "type": "google_compute_network",
      "name": "network",
      "provider": "provider[\"registry.terraform.io/hashicorp/google\"]",
      "instances": [
        {
          "schema_version": 0,
          "attributes": {
            "auto_create_subnetworks": false,
            "delete_default_routes_on_create": false,
            "description": "",
            "gateway_ipv4": "",
            "id": "kube",
            "ipv4_range": "",
            "name": "kube",
            "project": "atlantean-stock-297823",
            "routing_mode": "GLOBAL",
            "self_link": "https://www.googleapis.com/compute/v1/projects/atlantean-stock-297823/global/networks/kube",
            "timeouts": null
          }
        }
      ]
    },
    {
      "module": "module.network",
      "mode": "managed",
      "type": "google_compute_subnetwork",
      "name": "subnetwork",
      "provider": "provider[\"registry.terraform.io/hashicorp/google\"]",
      "instances": [
        {
          "schema_version": 0,
          "attributes": {
            "creation_timestamp": "2020-12-06T11:43:23.039-08:00",
            "description": "",
            "enable_flow_logs": false,
            "fingerprint": "HaB1yw90Yoo=",
            "gateway_address": "10.40.0.1",
            "id": "us-central1/kube-subnet",
            "ip_cidr_range": "10.40.0.0/16",
            "name": "kube-subnet",
            "network": "https://www.googleapis.com/compute/v1/projects/atlantean-stock-297823/global/networks/kube",
            "private_ip_google_access": true,
            "project": "atlantean-stock-297823",
            "region": "us-central1",
            "secondary_ip_range": [
              {
                "ip_cidr_range": "10.41.0.0/16",
                "range_name": "gke-pods-1"
              },
              {
                "ip_cidr_range": "10.42.0.0/16",
                "range_name": "gke-services-1"
              }
            ],
            "self_link": "https://www.googleapis.com/compute/v1/projects/atlantean-stock-297823/regions/us-central1/subnetworks/kube-subnet",
            "timeouts": null
          },
          "dependencies": [
            "module.network.google_compute_network.network"
          ]
        }
      ]
    },
    {
      "module": "module.node_pool",
      "mode": "managed",
      "type": "random_id",
      "name": "entropy",
      "provider": "provider[\"registry.terraform.io/hashicorp/random\"]",
      "instances": [
        {
          "schema_version": 0,
          "attributes": {
            "b64_std": "+lE=",
            "b64_url": "-lE",
            "byte_length": 2,
            "dec": "64081",
            "hex": "fa51",
            "id": "-lE",
            "keepers": {
              "disk_size": "100",
              "disk_type": "pd-standard",
              "initial_node_count": "1",
              "labels": "{}",
              "machine_type": "n1-standard-4",
              "name": "gke-example-node-pool",
              "region": "us-central1",
              "tags": ""
            },
            "prefix": null
          },
          "private": "bnVsbA=="
        }
      ]
    }
  ]
}
